
Microsoft Visual Studio Solution File, Format Version 12.00
# Visual Studio Version 16
VisualStudioVersion = 16.0.30611.23
MinimumVisualStudioVersion = 10.0.40219.1
Project("{9A19103F-16F7-4668-BE54-9A1E7A4F7556}") = "Data", "Data\Data.csproj", "{EBD67C4F-505C-49CB-B3C4-F6162BFB30A8}"
EndProject
Project("{9A19103F-16F7-4668-BE54-9A1E7A4F7556}") = "Logic", "Logic\Logic.csproj", "{F3BF9411-31D7-4A53-BA7E-AABDBF48FCDB}"
EndProject
Project("{FAE04EC0-301F-11D3-BF4B-00C04F79EFBC}") = "Tests", "Tests\Tests.csproj", "{1AA1C843-1522-4D0C-9BFF-081F6B5A1EA7}"
EndProject
Global
	GlobalSection(SolutionConfigurationPlatforms) = preSolution
		Debug|Any CPU = Debug|Any CPU
		Release|Any CPU = Release|Any CPU
	EndGlobalSection
	GlobalSection(ProjectConfigurationPlatforms) = postSolution
		{EBD67C4F-505C-49CB-B3C4-F6162BFB30A8}.Debug|Any CPU.ActiveCfg = Debug|Any CPU
		{EBD67C4F-505C-49CB-B3C4-F6162BFB30A8}.Debug|Any CPU.Build.0 = Debug|Any CPU
		{EBD67C4F-505C-49CB-B3C4-F6162BFB30A8}.Release|Any CPU.ActiveCfg = Release|Any CPU
		{EBD67C4F-505C-49CB-B3C4-F6162BFB30A8}.Release|Any CPU.Build.0 = Release|Any CPU
		{F3BF9411-31D7-4A53-BA7E-AABDBF48FCDB}.Debug|Any CPU.ActiveCfg = Debug|Any CPU
		{F3BF9411-31D7-4A53-BA7E-AABDBF48FCDB}.Debug|Any CPU.Build.0 = Debug|Any CPU
		{F3BF9411-31D7-4A53-BA7E-AABDBF48FCDB}.Release|Any CPU.ActiveCfg = Release|Any CPU
		{F3BF9411-31D7-4A53-BA7E-AABDBF48FCDB}.Release|Any CPU.Build.0 = Release|Any CPU
		{1AA1C843-1522-4D0C-9BFF-081F6B5A1EA7}.Debug|Any CPU.ActiveCfg = Debug|Any CPU
		{1AA1C843-1522-4D0C-9BFF-081F6B5A1EA7}.Debug|Any CPU.Build.0 = Debug|Any CPU
		{1AA1C843-1522-4D0C-9BFF-081F6B5A1EA7}.Release|Any CPU.ActiveCfg = Release|Any CPU
		{1AA1C843-1522-4D0C-9BFF-081F6B5A1EA7}.Release|Any CPU.Build.0 = Release|Any CPU
	EndGlobalSection
	GlobalSection(SolutionProperties) = preSolution
		HideSolutionNode = FALSE
	EndGlobalSection
	GlobalSection(ExtensibilityGlobals) = postSolution
		SolutionGuid = {0A798079-3CCE-4217-9378-41EEFE09D483}
	EndGlobalSection
EndGlobal
